
Microsoft Visual Studio Solution File, Format Version 12.00
# Visual Studio 15
VisualStudioVersion = 15.0.28307.271
MinimumVisualStudioVersion = 10.0.40219.1
Project("{FAE04EC0-301F-11D3-BF4B-00C04F79EFBC}") = "CustomList", "CustomList\CustomList.csproj", "{1C573950-4AEC-406B-B5BC-0CE2B3349520}"
EndProject
Project("{FAE04EC0-301F-11D3-BF4B-00C04F79EFBC}") = "CustomListTest", "CustomListTest\CustomListTest.csproj", "{98184738-F2B3-4BE2-BF3E-2B3E82BD62BE}"
EndProject
Global
	GlobalSection(SolutionConfigurationPlatforms) = preSolution
		Debug|Any CPU = Debug|Any CPU
		Release|Any CPU = Release|Any CPU
	EndGlobalSection
	GlobalSection(ProjectConfigurationPlatforms) = postSolution
		{1C573950-4AEC-406B-B5BC-0CE2B3349520}.Debug|Any CPU.ActiveCfg = Debug|Any CPU
		{1C573950-4AEC-406B-B5BC-0CE2B3349520}.Debug|Any CPU.Build.0 = Debug|Any CPU
		{1C573950-4AEC-406B-B5BC-0CE2B3349520}.Release|Any CPU.ActiveCfg = Release|Any CPU
		{1C573950-4AEC-406B-B5BC-0CE2B3349520}.Release|Any CPU.Build.0 = Release|Any CPU
		{98184738-F2B3-4BE2-BF3E-2B3E82BD62BE}.Debug|Any CPU.ActiveCfg = Debug|Any CPU
		{98184738-F2B3-4BE2-BF3E-2B3E82BD62BE}.Debug|Any CPU.Build.0 = Debug|Any CPU
		{98184738-F2B3-4BE2-BF3E-2B3E82BD62BE}.Release|Any CPU.ActiveCfg = Release|Any CPU
		{98184738-F2B3-4BE2-BF3E-2B3E82BD62BE}.Release|Any CPU.Build.0 = Release|Any CPU
	EndGlobalSection
	GlobalSection(SolutionProperties) = preSolution
		HideSolutionNode = FALSE
	EndGlobalSection
	GlobalSection(ExtensibilityGlobals) = postSolution
		SolutionGuid = {B61995BF-4A49-4618-B9DE-63E0925D1B26}
	EndGlobalSection
EndGlobal
